{
  "name": "hello-roblox-ts",
  "version": "0.0.0",
  "lockfileVersion": 1,
  "requires": true,
  "dependencies": {
    "rbx-datastore2": {
      "version": "1.0.0",
      "resolved": "https://registry.npmjs.org/rbx-datastore2/-/rbx-datastore2-1.0.0.tgz",
      "integrity": "sha512-kmDkUGbVz3uhv44OY8+D6fmjXH6O4MLS3OuJyY5/VHmuZfGMCFS5VcVEN6nP5N03+PjfV7OyT2EsywBC4cLqLA=="
    },
    "rbx-event": {
      "version": "1.0.4",
      "resolved": "https://registry.npmjs.org/rbx-event/-/rbx-event-1.0.4.tgz",
      "integrity": "sha512-snRiC1wxeEyRz3Kr/yvWaJNjikB7w3uysWRqWeyubRMvyWqTnizRRUgetVltJuf3L3te3ZS6P9nRlOJnsjgN6w=="
    },
    "rbx-inspect": {
      "version": "1.0.4",
      "resolved": "https://registry.npmjs.org/rbx-inspect/-/rbx-inspect-1.0.4.tgz",
      "integrity": "sha512-XPr6CbtMHlTSpyZ8xCr3PsTdG/NbxA2G46uylncShNg6gDlfAXmqqDTG/8vtuHDZLDOPszL887CDQ+5arfmuHA=="
    },
    "rbx-net": {
      "version": "0.5.0",
      "resolved": "https://registry.npmjs.org/rbx-net/-/rbx-net-0.5.0.tgz",
      "integrity": "sha512-0aTeiqAOHunolE8p/t5aZSN30P+1saApu2RB+AiGQvOBspc3qcBtOkjWfdUULU6VitnLBH0zlA9TGdN1DT0mhw=="
    },
    "rbx-resources": {
      "version": "0.0.12",
      "resolved": "https://registry.npmjs.org/rbx-resources/-/rbx-resources-0.0.12.tgz",
      "integrity": "sha512-lPcRATf+gm+nNnUZaU9ENCuUC0G0x/o7SK29VYDxQ9pqXmRbrt2F8Vbu1PDvyIxr2Y1gmtfnOuggOlzaPQMcDQ==",
      "requires": {
        "rbx-services": "^1.0.15"
      }
    },
    "rbx-roact": {
      "version": "0.1.8",
      "resolved": "https://registry.npmjs.org/rbx-roact/-/rbx-roact-0.1.8.tgz",
      "integrity": "sha512-aYfgCC7h2l9pa5Z2edeVxkbCSf3GOXb9bA8lzYnr7ZMyOSoMG9+gw7yvOXkE24U2Tm9w3ook7MjQ4c7+9q3+6w=="
    },
    "rbx-services": {
      "version": "1.0.18",
      "resolved": "https://registry.npmjs.org/rbx-services/-/rbx-services-1.0.18.tgz",
      "integrity": "sha512-eLDvpyTXwMa6ptjBs17PVq8B1QsUVRlJ1gLPSkXAexzUAZY4Tqro6u0mMgVZYhWMbaxRfTpUcBGLfQl2ItwSCw=="
    },
    "rbx-t": {
      "version": "0.0.6",
      "resolved": "https://registry.npmjs.org/rbx-t/-/rbx-t-0.0.6.tgz",
      "integrity": "sha512-ESoVhrpXDIsv7fYuTtc6S0QNTznmMkflKR/fGMl3KE3YM8vDtNGeTzEVIExIMSVXyXzqEQ1Vto+AR9Bneq7kTw=="
    },
    "rbx-types": {
      "version": "1.0.111",
      "resolved": "https://registry.npmjs.org/rbx-types/-/rbx-types-1.0.111.tgz",
      "integrity": "sha512-6CC7lj+o2gZEGoibgwdw/aLZsRpBxoe5gGbS9XFZPK8qJged52rVFjIE+DNyCwbqsGQmWgBYXZdekTOkmd0ktQ==",
      "dev": true
    }
  }
}
